
Microsoft Visual Studio Solution File, Format Version 12.00
# Visual Studio Version 17
VisualStudioVersion = 17.11.35312.102
MinimumVisualStudioVersion = 10.0.40219.1
Project("{8BC9CEB8-8B4A-11D0-8D11-00A0C91BC942}") = "Seminar5", "Seminar5\Seminar5.vcxproj", "{38EC51C7-6E7B-453D-B7CD-DDF47887F453}"
EndProject
Global
	GlobalSection(SolutionConfigurationPlatforms) = preSolution
		Debug|x64 = Debug|x64
		Debug|x86 = Debug|x86
		Release|x64 = Release|x64
		Release|x86 = Release|x86
	EndGlobalSection
	GlobalSection(ProjectConfigurationPlatforms) = postSolution
		{38EC51C7-6E7B-453D-B7CD-DDF47887F453}.Debug|x64.ActiveCfg = Debug|x64
		{38EC51C7-6E7B-453D-B7CD-DDF47887F453}.Debug|x64.Build.0 = Debug|x64
		{38EC51C7-6E7B-453D-B7CD-DDF47887F453}.Debug|x86.ActiveCfg = Debug|Win32
		{38EC51C7-6E7B-453D-B7CD-DDF47887F453}.Debug|x86.Build.0 = Debug|Win32
		{38EC51C7-6E7B-453D-B7CD-DDF47887F453}.Release|x64.ActiveCfg = Release|x64
		{38EC51C7-6E7B-453D-B7CD-DDF47887F453}.Release|x64.Build.0 = Release|x64
		{38EC51C7-6E7B-453D-B7CD-DDF47887F453}.Release|x86.ActiveCfg = Release|Win32
		{38EC51C7-6E7B-453D-B7CD-DDF47887F453}.Release|x86.Build.0 = Release|Win32
	EndGlobalSection
	GlobalSection(SolutionProperties) = preSolution
		HideSolutionNode = FALSE
	EndGlobalSection
	GlobalSection(ExtensibilityGlobals) = postSolution
		SolutionGuid = {ED3415ED-B821-4DDC-9437-7249E0A56582}
	EndGlobalSection
EndGlobal
